
Microsoft Visual Studio Solution File, Format Version 12.00
# Visual Studio 14
VisualStudioVersion = 14.0.25420.1
MinimumVisualStudioVersion = 10.0.40219.1
Project("{2150E333-8FDC-42A3-9474-1A3956D46DE8}") = "Solution Items", "Solution Items", "{FE424D60-EAE8-4843-A970-F35DDFFE81C5}"
	ProjectSection(SolutionItems) = preProject
		.appveyor.yml = .appveyor.yml
		.travis.yml = .travis.yml
	EndProjectSection
EndProject
Project("{2150E333-8FDC-42A3-9474-1A3956D46DE8}") = "lib", "lib", "{96F33F15-98A2-43DC-A85D-42049B7BBD18}"
EndProject
Project("{2150E333-8FDC-42A3-9474-1A3956D46DE8}") = "RCWF", "RCWF", "{3D8B1D2C-774B-4DA5-BA79-66948F2B6F2B}"
EndProject
Project("{2150E333-8FDC-42A3-9474-1A3956D46DE8}") = "2017.1.221.40", "2017.1.221.40", "{E95BAA2C-A6D3-44D5-80C4-0BD401273C4C}"
	ProjectSection(SolutionItems) = preProject
		lib\RCWF\2017.1.221.40\Telerik.WinControls.dll = lib\RCWF\2017.1.221.40\Telerik.WinControls.dll
		lib\RCWF\2017.1.221.40\Telerik.WinControls.Themes.VisualStudio2012Dark.dll = lib\RCWF\2017.1.221.40\Telerik.WinControls.Themes.VisualStudio2012Dark.dll
		lib\RCWF\2017.1.221.40\Telerik.WinControls.UI.dll = lib\RCWF\2017.1.221.40\Telerik.WinControls.UI.dll
		lib\RCWF\2017.1.221.40\TelerikCommon.dll = lib\RCWF\2017.1.221.40\TelerikCommon.dll
	EndProjectSection
EndProject
Project("{FAE04EC0-301F-11D3-BF4B-00C04F79EFBC}") = "FreeLauncher", "src\FreeLauncher\FreeLauncher.csproj", "{F63BCFF8-2B72-4FF4-BE24-EEC9E1E3645B}"
	ProjectSection(ProjectDependencies) = postProject
		{2AEC9EC1-5042-4922-B425-88B740FDDC82} = {2AEC9EC1-5042-4922-B425-88B740FDDC82}
		{E0F782F2-153E-4285-862C-1279A32B1141} = {E0F782F2-153E-4285-862C-1279A32B1141}
	EndProjectSection
EndProject
Project("{2150E333-8FDC-42A3-9474-1A3956D46DE8}") = ".github", ".github", "{478FD4B4-1BD7-4028-B142-F1C2505BC21F}"
EndProject
Project("{2150E333-8FDC-42A3-9474-1A3956D46DE8}") = "assets", "assets", "{68CAA24B-D44E-4A65-8100-E358C73BAF82}"
EndProject
Project("{2150E333-8FDC-42A3-9474-1A3956D46DE8}") = "wiki", "wiki", "{A4748344-C88A-4690-ACBB-91D1C73E3DE8}"
EndProject
Project("{2150E333-8FDC-42A3-9474-1A3956D46DE8}") = "home", "home", "{1287194F-03E2-4144-8C1A-20C760AF7693}"
	ProjectSection(SolutionItems) = preProject
		.github\assets\wiki\home\header.jpg = .github\assets\wiki\home\header.jpg
	EndProjectSection
EndProject
Project("{2150E333-8FDC-42A3-9474-1A3956D46DE8}") = "scripts", "scripts", "{2AE1C310-EEF2-4741-9940-9206D8762459}"
	ProjectSection(SolutionItems) = preProject
		scripts\post_build.bat = scripts\post_build.bat
		scripts\pre_build.bat = scripts\pre_build.bat
	EndProjectSection
EndProject
Project("{2150E333-8FDC-42A3-9474-1A3956D46DE8}") = "docs", "docs", "{9213DE3D-1749-434B-8804-6849D5165884}"
	ProjectSection(SolutionItems) = preProject
		docs\bg_main.png = docs\bg_main.png
		docs\index.html = docs\index.html
		docs\stylesheet.css = docs\stylesheet.css
	EndProjectSection
EndProject
Project("{FAE04EC0-301F-11D3-BF4B-00C04F79EFBC}") = "FreeLauncherAvaloniaUI", "src\FreeLauncherAvaloniaUI\FreeLauncherAvaloniaUI.csproj", "{87F3E3FE-E3F3-4839-9F61-23B0D529DE17}"
EndProject
Project("{2150E333-8FDC-42A3-9474-1A3956D46DE8}") = "dotMCLauncherNetCore", "dotMCLauncherNetCore", "{7C1AFF31-72CE-4597-B668-A7367A99350E}"
EndProject
Project("{FAE04EC0-301F-11D3-BF4B-00C04F79EFBC}") = "dotMCLauncher", "src\netcoreapp\dotMCLauncher\dotMCLauncher.csproj", "{A5A84ADC-0AA7-4A44-BEC6-40E8648002A8}"
EndProject
Project("{FAE04EC0-301F-11D3-BF4B-00C04F79EFBC}") = "dotMCLauncher.Networking", "src\netcoreapp\dotMCLauncher.Networking\dotMCLauncher.Networking.csproj", "{95BB0604-93C9-4421-A5BA-733A7D639E8E}"
EndProject
Project("{FAE04EC0-301F-11D3-BF4B-00C04F79EFBC}") = "dotMCLauncher.Profiling", "src\netcoreapp\dotMCLauncher.Profiling\dotMCLauncher.Profiling.csproj", "{B3C487F8-802D-4F47-BF7D-29F73C5A6AFC}"
EndProject
Project("{FAE04EC0-301F-11D3-BF4B-00C04F79EFBC}") = "dotMCLauncher.Profiling.V2", "src\netcoreapp\dotMCLauncher.Profiling.V2\dotMCLauncher.Profiling.V2.csproj", "{E442A572-99D3-4F28-81C7-B96E1BADB25C}"
EndProject
Project("{FAE04EC0-301F-11D3-BF4B-00C04F79EFBC}") = "dotMCLauncher.Resourcing", "src\netcoreapp\dotMCLauncher.Resourcing\dotMCLauncher.Resourcing.csproj", "{01FD67D0-31E6-4BB2-9E21-DFFF1D7D5B99}"
EndProject
Project("{FAE04EC0-301F-11D3-BF4B-00C04F79EFBC}") = "dotMCLauncher.Versioning", "src\netcoreapp\dotMCLauncher.Versioning\dotMCLauncher.Versioning.csproj", "{3AAA7EA5-BC4D-4787-BA97-DE5290E8769A}"
EndProject
Global
	GlobalSection(SolutionConfigurationPlatforms) = preSolution
		Debug|Any CPU = Debug|Any CPU
		Debug|x64 = Debug|x64
		Debug|x86 = Debug|x86
		Release|Any CPU = Release|Any CPU
		Release|x64 = Release|x64
		Release|x86 = Release|x86
	EndGlobalSection
	GlobalSection(ProjectConfigurationPlatforms) = postSolution
		{F63BCFF8-2B72-4FF4-BE24-EEC9E1E3645B}.Debug|Any CPU.ActiveCfg = Debug|Any CPU
		{F63BCFF8-2B72-4FF4-BE24-EEC9E1E3645B}.Debug|Any CPU.Build.0 = Debug|Any CPU
		{F63BCFF8-2B72-4FF4-BE24-EEC9E1E3645B}.Debug|x64.ActiveCfg = Debug|x64
		{F63BCFF8-2B72-4FF4-BE24-EEC9E1E3645B}.Debug|x64.Build.0 = Debug|x64
		{F63BCFF8-2B72-4FF4-BE24-EEC9E1E3645B}.Debug|x86.ActiveCfg = Debug|x86
		{F63BCFF8-2B72-4FF4-BE24-EEC9E1E3645B}.Debug|x86.Build.0 = Debug|x86
		{F63BCFF8-2B72-4FF4-BE24-EEC9E1E3645B}.Release|Any CPU.ActiveCfg = Release|Any CPU
		{F63BCFF8-2B72-4FF4-BE24-EEC9E1E3645B}.Release|Any CPU.Build.0 = Release|Any CPU
		{F63BCFF8-2B72-4FF4-BE24-EEC9E1E3645B}.Release|x64.ActiveCfg = Release|x64
		{F63BCFF8-2B72-4FF4-BE24-EEC9E1E3645B}.Release|x64.Build.0 = Release|x64
		{F63BCFF8-2B72-4FF4-BE24-EEC9E1E3645B}.Release|x86.ActiveCfg = Release|x86
		{F63BCFF8-2B72-4FF4-BE24-EEC9E1E3645B}.Release|x86.Build.0 = Release|x86
		{87F3E3FE-E3F3-4839-9F61-23B0D529DE17}.Debug|Any CPU.ActiveCfg = Debug|Any CPU
		{87F3E3FE-E3F3-4839-9F61-23B0D529DE17}.Debug|Any CPU.Build.0 = Debug|Any CPU
		{87F3E3FE-E3F3-4839-9F61-23B0D529DE17}.Debug|x64.ActiveCfg = Debug|Any CPU
		{87F3E3FE-E3F3-4839-9F61-23B0D529DE17}.Debug|x64.Build.0 = Debug|Any CPU
		{87F3E3FE-E3F3-4839-9F61-23B0D529DE17}.Debug|x86.ActiveCfg = Debug|Any CPU
		{87F3E3FE-E3F3-4839-9F61-23B0D529DE17}.Debug|x86.Build.0 = Debug|Any CPU
		{87F3E3FE-E3F3-4839-9F61-23B0D529DE17}.Release|Any CPU.ActiveCfg = Release|Any CPU
		{87F3E3FE-E3F3-4839-9F61-23B0D529DE17}.Release|Any CPU.Build.0 = Release|Any CPU
		{87F3E3FE-E3F3-4839-9F61-23B0D529DE17}.Release|x64.ActiveCfg = Release|Any CPU
		{87F3E3FE-E3F3-4839-9F61-23B0D529DE17}.Release|x64.Build.0 = Release|Any CPU
		{87F3E3FE-E3F3-4839-9F61-23B0D529DE17}.Release|x86.ActiveCfg = Release|Any CPU
		{87F3E3FE-E3F3-4839-9F61-23B0D529DE17}.Release|x86.Build.0 = Release|Any CPU
		{A5A84ADC-0AA7-4A44-BEC6-40E8648002A8}.Debug|Any CPU.ActiveCfg = Debug|Any CPU
		{A5A84ADC-0AA7-4A44-BEC6-40E8648002A8}.Debug|Any CPU.Build.0 = Debug|Any CPU
		{A5A84ADC-0AA7-4A44-BEC6-40E8648002A8}.Debug|x64.ActiveCfg = Debug|Any CPU
		{A5A84ADC-0AA7-4A44-BEC6-40E8648002A8}.Debug|x64.Build.0 = Debug|Any CPU
		{A5A84ADC-0AA7-4A44-BEC6-40E8648002A8}.Debug|x86.ActiveCfg = Debug|Any CPU
		{A5A84ADC-0AA7-4A44-BEC6-40E8648002A8}.Debug|x86.Build.0 = Debug|Any CPU
		{A5A84ADC-0AA7-4A44-BEC6-40E8648002A8}.Release|Any CPU.ActiveCfg = Release|Any CPU
		{A5A84ADC-0AA7-4A44-BEC6-40E8648002A8}.Release|Any CPU.Build.0 = Release|Any CPU
		{A5A84ADC-0AA7-4A44-BEC6-40E8648002A8}.Release|x64.ActiveCfg = Release|Any CPU
		{A5A84ADC-0AA7-4A44-BEC6-40E8648002A8}.Release|x64.Build.0 = Release|Any CPU
		{A5A84ADC-0AA7-4A44-BEC6-40E8648002A8}.Release|x86.ActiveCfg = Release|Any CPU
		{A5A84ADC-0AA7-4A44-BEC6-40E8648002A8}.Release|x86.Build.0 = Release|Any CPU
		{95BB0604-93C9-4421-A5BA-733A7D639E8E}.Debug|Any CPU.ActiveCfg = Debug|Any CPU
		{95BB0604-93C9-4421-A5BA-733A7D639E8E}.Debug|Any CPU.Build.0 = Debug|Any CPU
		{95BB0604-93C9-4421-A5BA-733A7D639E8E}.Debug|x64.ActiveCfg = Debug|Any CPU
		{95BB0604-93C9-4421-A5BA-733A7D639E8E}.Debug|x64.Build.0 = Debug|Any CPU
		{95BB0604-93C9-4421-A5BA-733A7D639E8E}.Debug|x86.ActiveCfg = Debug|Any CPU
		{95BB0604-93C9-4421-A5BA-733A7D639E8E}.Debug|x86.Build.0 = Debug|Any CPU
		{95BB0604-93C9-4421-A5BA-733A7D639E8E}.Release|Any CPU.ActiveCfg = Release|Any CPU
		{95BB0604-93C9-4421-A5BA-733A7D639E8E}.Release|Any CPU.Build.0 = Release|Any CPU
		{95BB0604-93C9-4421-A5BA-733A7D639E8E}.Release|x64.ActiveCfg = Release|Any CPU
		{95BB0604-93C9-4421-A5BA-733A7D639E8E}.Release|x64.Build.0 = Release|Any CPU
		{95BB0604-93C9-4421-A5BA-733A7D639E8E}.Release|x86.ActiveCfg = Release|Any CPU
		{95BB0604-93C9-4421-A5BA-733A7D639E8E}.Release|x86.Build.0 = Release|Any CPU
		{B3C487F8-802D-4F47-BF7D-29F73C5A6AFC}.Debug|Any CPU.ActiveCfg = Debug|Any CPU
		{B3C487F8-802D-4F47-BF7D-29F73C5A6AFC}.Debug|Any CPU.Build.0 = Debug|Any CPU
		{B3C487F8-802D-4F47-BF7D-29F73C5A6AFC}.Debug|x64.ActiveCfg = Debug|Any CPU
		{B3C487F8-802D-4F47-BF7D-29F73C5A6AFC}.Debug|x64.Build.0 = Debug|Any CPU
		{B3C487F8-802D-4F47-BF7D-29F73C5A6AFC}.Debug|x86.ActiveCfg = Debug|Any CPU
		{B3C487F8-802D-4F47-BF7D-29F73C5A6AFC}.Debug|x86.Build.0 = Debug|Any CPU
		{B3C487F8-802D-4F47-BF7D-29F73C5A6AFC}.Release|Any CPU.ActiveCfg = Release|Any CPU
		{B3C487F8-802D-4F47-BF7D-29F73C5A6AFC}.Release|Any CPU.Build.0 = Release|Any CPU
		{B3C487F8-802D-4F47-BF7D-29F73C5A6AFC}.Release|x64.ActiveCfg = Release|Any CPU
		{B3C487F8-802D-4F47-BF7D-29F73C5A6AFC}.Release|x64.Build.0 = Release|Any CPU
		{B3C487F8-802D-4F47-BF7D-29F73C5A6AFC}.Release|x86.ActiveCfg = Release|Any CPU
		{B3C487F8-802D-4F47-BF7D-29F73C5A6AFC}.Release|x86.Build.0 = Release|Any CPU
		{E442A572-99D3-4F28-81C7-B96E1BADB25C}.Debug|Any CPU.ActiveCfg = Debug|Any CPU
		{E442A572-99D3-4F28-81C7-B96E1BADB25C}.Debug|Any CPU.Build.0 = Debug|Any CPU
		{E442A572-99D3-4F28-81C7-B96E1BADB25C}.Debug|x64.ActiveCfg = Debug|Any CPU
		{E442A572-99D3-4F28-81C7-B96E1BADB25C}.Debug|x64.Build.0 = Debug|Any CPU
		{E442A572-99D3-4F28-81C7-B96E1BADB25C}.Debug|x86.ActiveCfg = Debug|Any CPU
		{E442A572-99D3-4F28-81C7-B96E1BADB25C}.Debug|x86.Build.0 = Debug|Any CPU
		{E442A572-99D3-4F28-81C7-B96E1BADB25C}.Release|Any CPU.ActiveCfg = Release|Any CPU
		{E442A572-99D3-4F28-81C7-B96E1BADB25C}.Release|Any CPU.Build.0 = Release|Any CPU
		{E442A572-99D3-4F28-81C7-B96E1BADB25C}.Release|x64.ActiveCfg = Release|Any CPU
		{E442A572-99D3-4F28-81C7-B96E1BADB25C}.Release|x64.Build.0 = Release|Any CPU
		{E442A572-99D3-4F28-81C7-B96E1BADB25C}.Release|x86.ActiveCfg = Release|Any CPU
		{E442A572-99D3-4F28-81C7-B96E1BADB25C}.Release|x86.Build.0 = Release|Any CPU
		{01FD67D0-31E6-4BB2-9E21-DFFF1D7D5B99}.Debug|Any CPU.ActiveCfg = Debug|Any CPU
		{01FD67D0-31E6-4BB2-9E21-DFFF1D7D5B99}.Debug|Any CPU.Build.0 = Debug|Any CPU
		{01FD67D0-31E6-4BB2-9E21-DFFF1D7D5B99}.Debug|x64.ActiveCfg = Debug|Any CPU
		{01FD67D0-31E6-4BB2-9E21-DFFF1D7D5B99}.Debug|x64.Build.0 = Debug|Any CPU
		{01FD67D0-31E6-4BB2-9E21-DFFF1D7D5B99}.Debug|x86.ActiveCfg = Debug|Any CPU
		{01FD67D0-31E6-4BB2-9E21-DFFF1D7D5B99}.Debug|x86.Build.0 = Debug|Any CPU
		{01FD67D0-31E6-4BB2-9E21-DFFF1D7D5B99}.Release|Any CPU.ActiveCfg = Release|Any CPU
		{01FD67D0-31E6-4BB2-9E21-DFFF1D7D5B99}.Release|Any CPU.Build.0 = Release|Any CPU
		{01FD67D0-31E6-4BB2-9E21-DFFF1D7D5B99}.Release|x64.ActiveCfg = Release|Any CPU
		{01FD67D0-31E6-4BB2-9E21-DFFF1D7D5B99}.Release|x64.Build.0 = Release|Any CPU
		{01FD67D0-31E6-4BB2-9E21-DFFF1D7D5B99}.Release|x86.ActiveCfg = Release|Any CPU
		{01FD67D0-31E6-4BB2-9E21-DFFF1D7D5B99}.Release|x86.Build.0 = Release|Any CPU
		{3AAA7EA5-BC4D-4787-BA97-DE5290E8769A}.Debug|Any CPU.ActiveCfg = Debug|Any CPU
		{3AAA7EA5-BC4D-4787-BA97-DE5290E8769A}.Debug|Any CPU.Build.0 = Debug|Any CPU
		{3AAA7EA5-BC4D-4787-BA97-DE5290E8769A}.Debug|x64.ActiveCfg = Debug|Any CPU
		{3AAA7EA5-BC4D-4787-BA97-DE5290E8769A}.Debug|x64.Build.0 = Debug|Any CPU
		{3AAA7EA5-BC4D-4787-BA97-DE5290E8769A}.Debug|x86.ActiveCfg = Debug|Any CPU
		{3AAA7EA5-BC4D-4787-BA97-DE5290E8769A}.Debug|x86.Build.0 = Debug|Any CPU
		{3AAA7EA5-BC4D-4787-BA97-DE5290E8769A}.Release|Any CPU.ActiveCfg = Release|Any CPU
		{3AAA7EA5-BC4D-4787-BA97-DE5290E8769A}.Release|Any CPU.Build.0 = Release|Any CPU
		{3AAA7EA5-BC4D-4787-BA97-DE5290E8769A}.Release|x64.ActiveCfg = Release|Any CPU
		{3AAA7EA5-BC4D-4787-BA97-DE5290E8769A}.Release|x64.Build.0 = Release|Any CPU
		{3AAA7EA5-BC4D-4787-BA97-DE5290E8769A}.Release|x86.ActiveCfg = Release|Any CPU
		{3AAA7EA5-BC4D-4787-BA97-DE5290E8769A}.Release|x86.Build.0 = Release|Any CPU
	EndGlobalSection
	GlobalSection(SolutionProperties) = preSolution
		HideSolutionNode = FALSE
	EndGlobalSection
	GlobalSection(NestedProjects) = preSolution
		{96F33F15-98A2-43DC-A85D-42049B7BBD18} = {FE424D60-EAE8-4843-A970-F35DDFFE81C5}
		{3D8B1D2C-774B-4DA5-BA79-66948F2B6F2B} = {96F33F15-98A2-43DC-A85D-42049B7BBD18}
		{E95BAA2C-A6D3-44D5-80C4-0BD401273C4C} = {3D8B1D2C-774B-4DA5-BA79-66948F2B6F2B}
		{478FD4B4-1BD7-4028-B142-F1C2505BC21F} = {FE424D60-EAE8-4843-A970-F35DDFFE81C5}
		{68CAA24B-D44E-4A65-8100-E358C73BAF82} = {478FD4B4-1BD7-4028-B142-F1C2505BC21F}
		{A4748344-C88A-4690-ACBB-91D1C73E3DE8} = {68CAA24B-D44E-4A65-8100-E358C73BAF82}
		{1287194F-03E2-4144-8C1A-20C760AF7693} = {A4748344-C88A-4690-ACBB-91D1C73E3DE8}
		{2AE1C310-EEF2-4741-9940-9206D8762459} = {FE424D60-EAE8-4843-A970-F35DDFFE81C5}
		{9213DE3D-1749-434B-8804-6849D5165884} = {FE424D60-EAE8-4843-A970-F35DDFFE81C5}
		{A5A84ADC-0AA7-4A44-BEC6-40E8648002A8} = {7C1AFF31-72CE-4597-B668-A7367A99350E}
		{95BB0604-93C9-4421-A5BA-733A7D639E8E} = {7C1AFF31-72CE-4597-B668-A7367A99350E}
		{B3C487F8-802D-4F47-BF7D-29F73C5A6AFC} = {7C1AFF31-72CE-4597-B668-A7367A99350E}
		{E442A572-99D3-4F28-81C7-B96E1BADB25C} = {7C1AFF31-72CE-4597-B668-A7367A99350E}
		{01FD67D0-31E6-4BB2-9E21-DFFF1D7D5B99} = {7C1AFF31-72CE-4597-B668-A7367A99350E}
		{3AAA7EA5-BC4D-4787-BA97-DE5290E8769A} = {7C1AFF31-72CE-4597-B668-A7367A99350E}
	EndGlobalSection
EndGlobal
